{
  "name": "server-basic",
  "lockfileVersion": 3,
  "requires": true,
  "packages": {
    "": {
      "name": "server-basic",
      "dependencies": {
        "@x402/core": "2.6.0",
        "@x402/express": "2.6.0",
        "@x402/stellar": "2.6.0",
        "dotenv": "^17.3.1",
        "express": "^5.1.0"
      }
    },
    "../node_modules/.pnpm/@x402+core@2.6.0/node_modules/@x402/core": {
      "version": "2.6.0",
      "license": "Apache-2.0",
      "dependencies": {
        "zod": "^3.24.2"
      },
      "devDependencies": {
        "@eslint/js": "^9.24.0",
        "@types/node": "^22.13.4",
        "@typescript-eslint/eslint-plugin": "^8.29.1",
        "@typescript-eslint/parser": "^8.29.1",
        "eslint": "^9.24.0",
        "eslint-plugin-import": "^2.31.0",
        "eslint-plugin-jsdoc": "^50.6.9",
        "eslint-plugin-prettier": "^5.2.6",
        "prettier": "3.5.2",
        "tsup": "^8.4.0",
        "tsx": "^4.19.2",
        "typescript": "^5.7.3",
        "vite": "^6.2.6",
        "vite-tsconfig-paths": "^5.1.4",
        "vitest": "^3.0.5"
      }
    },
    "../node_modules/.pnpm/@x402+express@2.6.0_bufferutil@4.1.0_ethers@6.16.0_bufferutil@4.1.0_utf-8-validate@6.0._b4d32d77c697666721cd97d35b6e7c7b/node_modules/@x402/express": {
      "version": "2.6.0",
      "license": "Apache-2.0",
      "dependencies": {
        "@x402/core": "~2.6.0",
        "@x402/extensions": "~2.6.0",
        "viem": "^2.39.3",
        "zod": "^3.24.2"
      },
      "devDependencies": {
        "@eslint/js": "^9.24.0",
        "@types/express": "^5.0.1",
        "@types/node": "^22.13.4",
        "@typescript-eslint/eslint-plugin": "^8.29.1",
        "@typescript-eslint/parser": "^8.29.1",
        "eslint": "^9.24.0",
        "eslint-plugin-import": "^2.31.0",
        "eslint-plugin-jsdoc": "^50.6.9",
        "eslint-plugin-prettier": "^5.2.6",
        "express": "^4.18.2",
        "prettier": "3.5.2",
        "tsup": "^8.4.0",
        "tsx": "^4.19.2",
        "typescript": "^5.7.3",
        "vite": "^6.2.6",
        "vite-tsconfig-paths": "^5.1.4",
        "vitest": "^3.0.5"
      },
      "peerDependencies": {
        "@x402/paywall": "2.6.0",
        "express": "^4.0.0 || ^5.0.0"
      },
      "peerDependenciesMeta": {
        "@x402/paywall": {
          "optional": true
        }
      }
    },
    "../node_modules/.pnpm/@x402+stellar@2.6.0/node_modules/@x402/stellar": {
      "version": "2.6.0",
      "license": "Apache-2.0",
      "dependencies": {
        "@stellar/stellar-sdk": "^14.4.2",
        "@x402/core": "2.6.0"
      },
      "devDependencies": {
        "@eslint/js": "^9.24.0",
        "@types/node": "^22.13.4",
        "@typescript-eslint/eslint-plugin": "^8.29.1",
        "@typescript-eslint/parser": "^8.29.1",
        "eslint": "^9.24.0",
        "eslint-plugin-import": "^2.31.0",
        "eslint-plugin-jsdoc": "^50.6.9",
        "eslint-plugin-prettier": "^5.2.6",
        "prettier": "3.5.2",
        "tsup": "^8.4.0",
        "tsx": "^4.19.2",
        "typescript": "^5.7.3",
        "vite": "^6.2.6",
        "vite-tsconfig-paths": "^5.1.4",
        "vitest": "^3.0.5"
      }
    },
    "../node_modules/.pnpm/dotenv@17.3.1/node_modules/dotenv": {
      "version": "17.3.1",
      "license": "BSD-2-Clause",
      "devDependencies": {
        "@types/node": "^18.11.3",
        "decache": "^4.6.2",
        "sinon": "^14.0.1",
        "standard": "^17.0.0",
        "standard-version": "^9.5.0",
        "tap": "^19.2.0",
        "typescript": "^4.8.4"
      },
      "engines": {
        "node": ">=12"
      },
      "funding": {
        "url": "https://dotenvx.com"
      }
    },
    "../node_modules/.pnpm/express@5.2.1/node_modules/express": {
      "version": "5.2.1",
      "license": "MIT",
      "dependencies": {
        "accepts": "^2.0.0",
        "body-parser": "^2.2.1",
        "content-disposition": "^1.0.0",
        "content-type": "^1.0.5",
        "cookie": "^0.7.1",
        "cookie-signature": "^1.2.1",
        "debug": "^4.4.0",
        "depd": "^2.0.0",
        "encodeurl": "^2.0.0",
        "escape-html": "^1.0.3",
        "etag": "^1.8.1",
        "finalhandler": "^2.1.0",
        "fresh": "^2.0.0",
        "http-errors": "^2.0.0",
        "merge-descriptors": "^2.0.0",
        "mime-types": "^3.0.0",
        "on-finished": "^2.4.1",
        "once": "^1.4.0",
        "parseurl": "^1.3.3",
        "proxy-addr": "^2.0.7",
        "qs": "^6.14.0",
        "range-parser": "^1.2.1",
        "router": "^2.2.0",
        "send": "^1.1.0",
        "serve-static": "^2.2.0",
        "statuses": "^2.0.1",
        "type-is": "^2.0.1",
        "vary": "^1.1.2"
      },
      "devDependencies": {
        "after": "0.8.2",
        "connect-redis": "^8.0.1",
        "cookie-parser": "1.4.7",
        "cookie-session": "2.1.1",
        "ejs": "^3.1.10",
        "eslint": "8.47.0",
        "express-session": "^1.18.1",
        "hbs": "4.2.0",
        "marked": "^15.0.3",
        "method-override": "3.0.0",
        "mocha": "^10.7.3",
        "morgan": "1.10.1",
        "nyc": "^17.1.0",
        "pbkdf2-password": "1.2.1",
        "supertest": "^6.3.0",
        "vhost": "~3.0.2"
      },
      "engines": {
        "node": ">= 18"
      },
      "funding": {
        "type": "opencollective",
        "url": "https://opencollective.com/express"
      }
    },
    "node_modules/@x402/core": {
      "resolved": "../node_modules/.pnpm/@x402+core@2.6.0/node_modules/@x402/core",
      "link": true
    },
    "node_modules/@x402/express": {
      "resolved": "../node_modules/.pnpm/@x402+express@2.6.0_bufferutil@4.1.0_ethers@6.16.0_bufferutil@4.1.0_utf-8-validate@6.0._b4d32d77c697666721cd97d35b6e7c7b/node_modules/@x402/express",
      "link": true
    },
    "node_modules/@x402/stellar": {
      "resolved": "../node_modules/.pnpm/@x402+stellar@2.6.0/node_modules/@x402/stellar",
      "link": true
    },
    "node_modules/dotenv": {
      "resolved": "../node_modules/.pnpm/dotenv@17.3.1/node_modules/dotenv",
      "link": true
    },
    "node_modules/express": {
      "resolved": "../node_modules/.pnpm/express@5.2.1/node_modules/express",
      "link": true
    }
  }
}
